[[package]]
name = "brotli"
version = "1.0.9"
description = "Python bindings for the Brotli compression library"
category = "main"
optional = false
python-versions = "*"

[[package]]
name = "click"
version = "8.1.3"
description = "Composable command line interface toolkit"
category = "main"
optional = false
python-versions = ">=3.7"

[package.dependencies]
colorama = {version = "*", markers = "platform_system == \"Windows\""}

[[package]]
name = "colorama"
version = "0.4.5"
description = "Cross-platform colored terminal text."
category = "main"
optional = false
python-versions = ">=2.7, !=3.0.*, !=3.1.*, !=3.2.*, !=3.3.*, !=3.4.*"

[[package]]
name = "dash"
version = "2.6.2"
description = "A Python framework for building reactive web-apps. Developed by Plotly."
category = "main"
optional = false
python-versions = ">=3.6"

[package.dependencies]
dash-core-components = "2.0.0"
dash-html-components = "2.0.0"
dash-table = "5.0.0"
Flask = ">=1.0.4"
flask-compress = "*"
plotly = ">=5.0.0"

[package.extras]
celery = ["redis (>=3.5.3)", "celery[redis] (>=5.1.2)"]
ci = ["dash-flow-example (==0.0.5)", "dash-dangerously-set-inner-html", "flake8 (==3.9.2)", "flaky (==3.7.0)", "flask-talisman (==1.0.0)", "mimesis", "mock (==4.0.3)", "numpy", "preconditions", "pylint (==2.13.5)", "pytest-mock", "pytest-sugar (==0.9.4)", "pytest-rerunfailures", "black (==21.6b0)", "isort (==4.3.21)", "orjson (==3.5.4)", "pyarrow (<3)", "pandas (==1.1.5)", "xlrd (<2)", "black (==22.3.0)", "orjson (==3.6.7)", "pyarrow", "openpyxl", "pandas (>=1.4.0)", "xlrd (>=2.0.1)"]
dev = ["coloredlogs (>=15.0.1)", "fire (>=0.4.0)", "PyYAML (>=5.4.1)"]
diskcache = ["diskcache (>=5.2.1)", "multiprocess (>=0.70.12)", "psutil (>=5.8.0)"]
testing = ["beautifulsoup4 (>=4.8.2)", "lxml (>=4.6.2)", "percy (>=2.0.2)", "pytest (>=6.0.2)", "requests[security] (>=2.21.0)", "selenium (>=3.141.0,<=4.2.0)", "waitress (>=1.4.4)", "multiprocess (>=0.70.12)", "psutil (>=5.8.0)", "cryptography (<3.4)"]

[[package]]
name = "dash-core-components"
version = "2.0.0"
description = "Core component suite for Dash"
category = "main"
optional = false
python-versions = "*"

[[package]]
name = "dash-html-components"
version = "2.0.0"
description = "Vanilla HTML components for Dash"
category = "main"
optional = false
python-versions = "*"

[[package]]
name = "dash-table"
version = "5.0.0"
description = "Dash table"
category = "main"
optional = false
python-versions = "*"

[[package]]
name = "flask"
version = "2.2.2"
description = "A simple framework for building complex web applications."
category = "main"
optional = false
python-versions = ">=3.7"

[package.dependencies]
click = ">=8.0"
itsdangerous = ">=2.0"
Jinja2 = ">=3.0"
Werkzeug = ">=2.2.2"

[package.extras]
async = ["asgiref (>=3.2)"]
dotenv = ["python-dotenv"]

[[package]]
name = "flask-compress"
version = "1.13"
description = "Compress responses in your Flask app with gzip, deflate or brotli."
category = "main"
optional = false
python-versions = "*"

[package.dependencies]
brotli = "*"
flask = "*"

[[package]]
name = "gitdb"
version = "4.0.9"
description = "Git Object Database"
category = "main"
optional = false
python-versions = ">=3.6"

[package.dependencies]
smmap = ">=3.0.1,<6"

[[package]]
name = "gitpython"
version = "3.1.29"
description = "GitPython is a python library used to interact with Git repositories"
category = "main"
optional = false
python-versions = ">=3.7"

[package.dependencies]
gitdb = ">=4.0.1,<5"

[[package]]
name = "itsdangerous"
version = "2.1.2"
description = "Safely pass data to untrusted environments and back."
category = "main"
optional = false
python-versions = ">=3.7"

[[package]]
name = "javalang"
version = "0.13.0"
description = "Pure Python Java parser and tools"
category = "main"
optional = false
python-versions = "*"

[package.dependencies]
six = "*"

[[package]]
name = "jinja2"
version = "3.1.2"
description = "A very fast and expressive template engine."
category = "main"
optional = false
python-versions = ">=3.7"

[package.dependencies]
MarkupSafe = ">=2.0"

[package.extras]
i18n = ["Babel (>=2.7)"]

[[package]]
name = "levenshtein"
version = "0.20.7"
description = "Python extension for computing string edit distances and similarities."
category = "main"
optional = false
python-versions = ">=3.6"

[package.dependencies]
rapidfuzz = ">=2.3.0,<3.0.0"

[[package]]
name = "lizard"
version = "1.17.10"
description = "A code analyzer without caring the C/C++ header files. It works with Java, C/C++, JavaScript, Python, Ruby, Swift, Objective C. Metrics includes cyclomatic complexity number etc."
category = "main"
optional = false
python-versions = "*"

[[package]]
name = "markupsafe"
version = "2.1.1"
description = "Safely add untrusted strings to HTML/XML markup."
category = "main"
optional = false
python-versions = ">=3.7"

[[package]]
name = "numpy"
version = "1.23.4"
description = "NumPy is the fundamental package for array computing with Python."
category = "main"
optional = false
python-versions = ">=3.8"

[[package]]
name = "pandas"
version = "1.5.1"
description = "Powerful data structures for data analysis, time series, and statistics"
category = "main"
optional = false
python-versions = ">=3.8"

[package.dependencies]
numpy = {version = ">=1.21.0", markers = "python_version >= \"3.10\""}
python-dateutil = ">=2.8.1"
pytz = ">=2020.1"

[package.extras]
test = ["pytest-xdist (>=1.31)", "pytest (>=6.0)", "hypothesis (>=5.5.3)"]

[[package]]
name = "plotly"
version = "5.10.0"
description = "An open-source, interactive data visualization library for Python"
category = "main"
optional = false
python-versions = ">=3.6"

[package.dependencies]
tenacity = ">=6.2.0"

[[package]]
name = "pydriller"
version = "2.1"
description = "Framework for MSR"
category = "main"
optional = false
python-versions = ">=3.5"

[package.dependencies]
gitpython = "*"
lizard = "*"
pytz = "*"
types-pytz = "*"

[[package]]
name = "python-dateutil"
version = "2.8.2"
description = "Extensions to the standard Python datetime module"
category = "main"
optional = false
python-versions = "!=3.0.*,!=3.1.*,!=3.2.*,>=2.7"

[package.dependencies]
six = ">=1.5"

[[package]]
name = "python-levenshtein"
version = "0.20.7"
description = "Python extension for computing string edit distances and similarities."
category = "main"
optional = false
python-versions = ">=3.6"

[package.dependencies]
Levenshtein = "0.20.7"

[[package]]
name = "pytz"
version = "2022.5"
description = "World timezone definitions, modern and historical"
category = "main"
optional = false
python-versions = "*"

[[package]]
name = "rapidfuzz"
version = "2.11.1"
description = "rapid fuzzy string matching"
category = "main"
optional = false
python-versions = ">=3.6"

[package.extras]
full = ["numpy"]

[[package]]
name = "six"
version = "1.16.0"
description = "Python 2 and 3 compatibility utilities"
category = "main"
optional = false
python-versions = ">=2.7, !=3.0.*, !=3.1.*, !=3.2.*"

[[package]]
name = "smmap"
version = "5.0.0"
description = "A pure Python implementation of a sliding window memory map manager"
category = "main"
optional = false
python-versions = ">=3.6"

[[package]]
name = "tenacity"
version = "8.1.0"
description = "Retry code until it succeeds"
category = "main"
optional = false
python-versions = ">=3.6"

[package.extras]
doc = ["reno", "sphinx", "tornado (>=4.5)"]

[[package]]
name = "types-pytz"
version = "2022.5.0.0"
description = "Typing stubs for pytz"
category = "main"
optional = false
python-versions = "*"

[[package]]
name = "werkzeug"
version = "2.2.2"
description = "The comprehensive WSGI web application library."
category = "main"
optional = false
python-versions = ">=3.7"

[package.dependencies]
MarkupSafe = ">=2.1.1"

[package.extras]
watchdog = ["watchdog"]

[metadata]
lock-version = "1.1"
python-versions = "^3.10"
content-hash = "ae5ecf40fb10693d7bffe80e548fc5aa2bf106325ef78492a6ee02286a43a8cd"

[metadata.files]
brotli = []
click = []
colorama = []
dash = []
dash-core-components = []
dash-html-components = []
dash-table = []
flask = []
flask-compress = []
gitdb = [
    {file = "gitdb-4.0.9-py3-none-any.whl", hash = "sha256:8033ad4e853066ba6ca92050b9df2f89301b8fc8bf7e9324d412a63f8bf1a8fd"},
    {file = "gitdb-4.0.9.tar.gz", hash = "sha256:bac2fd45c0a1c9cf619e63a90d62bdc63892ef92387424b855792a6cabe789aa"},
]
gitpython = []
itsdangerous = []
javalang = []
jinja2 = []
levenshtein = []
lizard = []
markupsafe = []
numpy = []
pandas = []
plotly = []
pydriller = []
python-dateutil = []
python-levenshtein = []
pytz = []
rapidfuzz = []
six = []
smmap = [
    {file = "smmap-5.0.0-py3-none-any.whl", hash = "sha256:2aba19d6a040e78d8b09de5c57e96207b09ed71d8e55ce0959eeee6c8e190d94"},
    {file = "smmap-5.0.0.tar.gz", hash = "sha256:c840e62059cd3be204b0c9c9f74be2c09d5648eddd4580d9314c3ecde0b30936"},
]
tenacity = []
types-pytz = []
werkzeug = []
